
Microsoft Visual Studio Solution File, Format Version 12.00
# Visual Studio Version 17
VisualStudioVersion = 17.8.34330.188
MinimumVisualStudioVersion = 10.0.40219.1
Project("{8BC9CEB8-8B4A-11D0-8D11-00A0C91BC942}") = "vpn-tunnel", "vpn-tunnel\vpn-tunnel.vcxproj", "{AAC80B56-1941-47AF-A52E-7A78C241AE09}"
EndProject
Project("{54A90642-561A-4BB1-A94E-469ADEE60C69}") = "VPN-GUI", "VPN-GUI\VPN-GUI.esproj", "{4C1AD109-68E1-40BF-A1E9-2A331B49355E}"
EndProject
Global
	GlobalSection(SolutionConfigurationPlatforms) = preSolution
		Debug|Any CPU = Debug|Any CPU
		Debug|x64 = Debug|x64
		Debug|x86 = Debug|x86
		Release|Any CPU = Release|Any CPU
		Release|x64 = Release|x64
		Release|x86 = Release|x86
	EndGlobalSection
	GlobalSection(ProjectConfigurationPlatforms) = postSolution
		{AAC80B56-1941-47AF-A52E-7A78C241AE09}.Debug|Any CPU.ActiveCfg = Debug|x64
		{AAC80B56-1941-47AF-A52E-7A78C241AE09}.Debug|Any CPU.Build.0 = Debug|x64
		{AAC80B56-1941-47AF-A52E-7A78C241AE09}.Debug|x64.ActiveCfg = Debug|x64
		{AAC80B56-1941-47AF-A52E-7A78C241AE09}.Debug|x64.Build.0 = Debug|x64
		{AAC80B56-1941-47AF-A52E-7A78C241AE09}.Debug|x86.ActiveCfg = Debug|Win32
		{AAC80B56-1941-47AF-A52E-7A78C241AE09}.Debug|x86.Build.0 = Debug|Win32
		{AAC80B56-1941-47AF-A52E-7A78C241AE09}.Release|Any CPU.ActiveCfg = Release|x64
		{AAC80B56-1941-47AF-A52E-7A78C241AE09}.Release|Any CPU.Build.0 = Release|x64
		{AAC80B56-1941-47AF-A52E-7A78C241AE09}.Release|x64.ActiveCfg = Release|x64
		{AAC80B56-1941-47AF-A52E-7A78C241AE09}.Release|x64.Build.0 = Release|x64
		{AAC80B56-1941-47AF-A52E-7A78C241AE09}.Release|x86.ActiveCfg = Release|Win32
		{AAC80B56-1941-47AF-A52E-7A78C241AE09}.Release|x86.Build.0 = Release|Win32
		{4C1AD109-68E1-40BF-A1E9-2A331B49355E}.Debug|Any CPU.ActiveCfg = Debug|Any CPU
		{4C1AD109-68E1-40BF-A1E9-2A331B49355E}.Debug|Any CPU.Build.0 = Debug|Any CPU
		{4C1AD109-68E1-40BF-A1E9-2A331B49355E}.Debug|Any CPU.Deploy.0 = Debug|Any CPU
		{4C1AD109-68E1-40BF-A1E9-2A331B49355E}.Debug|x64.ActiveCfg = Debug|Any CPU
		{4C1AD109-68E1-40BF-A1E9-2A331B49355E}.Debug|x64.Build.0 = Debug|Any CPU
		{4C1AD109-68E1-40BF-A1E9-2A331B49355E}.Debug|x64.Deploy.0 = Debug|Any CPU
		{4C1AD109-68E1-40BF-A1E9-2A331B49355E}.Debug|x86.ActiveCfg = Debug|Any CPU
		{4C1AD109-68E1-40BF-A1E9-2A331B49355E}.Debug|x86.Build.0 = Debug|Any CPU
		{4C1AD109-68E1-40BF-A1E9-2A331B49355E}.Debug|x86.Deploy.0 = Debug|Any CPU
		{4C1AD109-68E1-40BF-A1E9-2A331B49355E}.Release|Any CPU.ActiveCfg = Release|Any CPU
		{4C1AD109-68E1-40BF-A1E9-2A331B49355E}.Release|Any CPU.Build.0 = Release|Any CPU
		{4C1AD109-68E1-40BF-A1E9-2A331B49355E}.Release|Any CPU.Deploy.0 = Release|Any CPU
		{4C1AD109-68E1-40BF-A1E9-2A331B49355E}.Release|x64.ActiveCfg = Release|Any CPU
		{4C1AD109-68E1-40BF-A1E9-2A331B49355E}.Release|x64.Build.0 = Release|Any CPU
		{4C1AD109-68E1-40BF-A1E9-2A331B49355E}.Release|x64.Deploy.0 = Release|Any CPU
		{4C1AD109-68E1-40BF-A1E9-2A331B49355E}.Release|x86.ActiveCfg = Release|Any CPU
		{4C1AD109-68E1-40BF-A1E9-2A331B49355E}.Release|x86.Build.0 = Release|Any CPU
		{4C1AD109-68E1-40BF-A1E9-2A331B49355E}.Release|x86.Deploy.0 = Release|Any CPU
	EndGlobalSection
	GlobalSection(SolutionProperties) = preSolution
		HideSolutionNode = FALSE
	EndGlobalSection
	GlobalSection(ExtensibilityGlobals) = postSolution
		SolutionGuid = {69D398F2-CAEB-4354-915C-88AEF4A8494D}
	EndGlobalSection
EndGlobal
