<?xml version="1.0" encoding="utf-8"?>
<Project ToolsVersion="4.0" xmlns="http://schemas.microsoft.com/developer/msbuild/2003">
  <ItemGroup>
    <Filter Include="Source Files">
      <UniqueIdentifier>{4FC737F1-C7A5-4376-A066-2A32D752A2FF}</UniqueIdentifier>
      <Extensions>cpp;c;cc;cxx;c++;cppm;ixx;def;odl;idl;hpj;bat;asm;asmx</Extensions>
    </Filter>
    <Filter Include="Header Files">
      <UniqueIdentifier>{93995380-89BD-4b04-88EB-625FBE52EBFB}</UniqueIdentifier>
      <Extensions>h;hh;hpp;hxx;h++;hm;inl;inc;ipp;xsd</Extensions>
    </Filter>
    <Filter Include="Resource Files">
      <UniqueIdentifier>{67DA6AB6-F800-4c08-8B7A-83BB121AAD01}</UniqueIdentifier>
      <Extensions>rc;ico;cur;bmp;dlg;rc2;rct;bin;rgs;gif;jpg;jpeg;jpe;resx;tiff;tif;png;wav;mfcribbon-ms</Extensions>
    </Filter>
    <Filter Include="Header Files\Base">
      <UniqueIdentifier>{598bf4c9-cfbe-46fb-b875-9ddd1993c558}</UniqueIdentifier>
    </Filter>
    <Filter Include="Header Files\Side">
      <UniqueIdentifier>{f9622e9e-60e3-405e-bb55-33c0d03f48fe}</UniqueIdentifier>
    </Filter>
  </ItemGroup>
  <ItemGroup>
    <ClCompile Include="main.cpp">
      <Filter>Source Files</Filter>
    </ClCompile>
  </ItemGroup>
  <ItemGroup>
    <CopyFileToFolders Include="..\WinDivert-2.2.2-A\x64\WinDivert.dll">
      <Filter>Resource Files</Filter>
    </CopyFileToFolders>
    <CopyFileToFolders Include="..\WinDivert-2.2.2-A\x64\WinDivert64.sys">
      <Filter>Resource Files</Filter>
    </CopyFileToFolders>
  </ItemGroup>
  <ItemGroup>
    <ClInclude Include="packetManipulation.h">
      <Filter>Header Files</Filter>
    </ClInclude>
    <ClInclude Include="baseSocket.h">
      <Filter>Header Files\Base</Filter>
    </ClInclude>
    <ClInclude Include="baseWinDivert.h">
      <Filter>Header Files\Base</Filter>
    </ClInclude>
    <ClInclude Include="VPN.h">
      <Filter>Header Files</Filter>
    </ClInclude>
    <ClInclude Include="codes.h">
      <Filter>Header Files</Filter>
    </ClInclude>
    <ClInclude Include="UDPSocket.h">
      <Filter>Header Files</Filter>
    </ClInclude>
    <ClInclude Include="TCPSocket.h">
      <Filter>Header Files</Filter>
    </ClInclude>
    <ClInclude Include="tunnel.h">
      <Filter>Header Files</Filter>
    </ClInclude>
    <ClInclude Include="serverTunnel.h">
      <Filter>Header Files\Side</Filter>
    </ClInclude>
    <ClInclude Include="clientTunnel.h">
      <Filter>Header Files\Side</Filter>
    </ClInclude>
    <ClInclude Include="communication.h">
      <Filter>Header Files\Base</Filter>
    </ClInclude>
    <ClInclude Include="safeQueue.h">
      <Filter>Header Files\Base</Filter>
    </ClInclude>
  </ItemGroup>
</Project>